github.com/fatih/color v1.13.0/go.mod h1:kLAiJbzzSOZDVNGyDpeOxJ47H46qBXwg5ILebYFFOfk=
github.com/fatih/color v1.18.0 h1:S8gINlzdQ840/4pfAwic/ZE0djQEH3wM94VfqLTZcOM=
github.com/fatih/color v1.18.0/go.mod h1:4FelSpRwEGDpQ12mAdzqdOukCy4u8WUtOY6lkT/6HfU=
github.com/fbaube/contentanalysis v0.0.0-20240924121349-9f6966a9ad43 h1:4WzB2hZnJE9Cn0at/dgr8YyEMfZoTfLrHOeeLPa4AZI=
github.com/fbaube/contentanalysis v0.0.0-20240924121349-9f6966a9ad43/go.mod h1:bU90QOw9z6e4F8kRtMGfg/fMCyXyDMLEACMZ+3mboqc=
github.com/fbaube/ctoken v0.0.0-20240918123605-d4f3b42f3fa7 h1:YlVqJpUNNqjJMSG3UbCf9Y5/Odb45TdSwBoFcnkH9eI=
github.com/fbaube/ctoken v0.0.0-20240918123605-d4f3b42f3fa7/go.mod h1:VLP5G7SZOXioxvEwkHQmlKEg1g0VJoAHGMcM1eWG3Xg=
github.com/fbaube/ctoken v0.0.0-20250104140858-fbf0cb3a0eb5 h1:hvQYBP83IgzJb4RO/6QHjP37XFVb7ATrY8wjZDzmKRo=
github.com/fbaube/ctoken v0.0.0-20250104140858-fbf0cb3a0eb5/go.mod h1:fHA5W+sZ1Z2G4suOZsm6ZE+YcOPaa/LiftC8/aFf1gU=
github.com/fbaube/ctoken v0.0.0-20250113212848-89a1656c89a4 h1:fDIdzkpkbjqyu/b/zImN2Te18jmvctgkQpTNMjNebI4=
github.com/fbaube/ctoken v0.0.0-20250113212848-89a1656c89a4/go.mod h1:dnbwYk3JB7JgHJhH3hRioJpxLUuzpyI6CancZBuZ6ow=
github.com/fbaube/datarepo v0.0.0-20240425064440-c12023629335 h1:DWh27JUmJbBcwx+04RAyno9xrQ0qSo2yy2fbujlpQXI=
github.com/fbaube/datarepo v0.0.0-20240425064440-c12023629335/go.mod h1:DFD1WNidEbD0W49U/JSSaZPVi5J/qfMijU6iRRCjsCo=
github.com/fbaube/datarepo v0.0.0-20241228082824-469ea5670e0b h1:Qwm5ivO4CewFgVyiTMslDxKb0Xz8n0RvT7TJ/yNTF/U=
github.com/fbaube/datarepo v0.0.0-20241228082824-469ea5670e0b/go.mod h1:kawwzAaQb25EwAqX5p0LmXJG6mJbAK/Dl451nYFO1UA=
github.com/fbaube/dsmnd v0.0.0-20241113194348-8bcb3be2decd h1:UQ+HjDNZF2TZF4u2rh6uTr0sp0L6v9tw2uipcluNNe0=
github.com/fbaube/dsmnd v0.0.0-20241113194348-8bcb3be2decd/go.mod h1:YVvG9X9nrUoOtk9DEkyyk6/0vdfNcDYHNWgBwGHbcUE=
github.com/fbaube/dsmnd v0.0.0-20250111125333-2b80f885bfc2 h1:MP/O0PUVCGgNmKvKmM6dLi/r0PbUl/1bVCr8zuJLzkw=
github.com/fbaube/dsmnd v0.0.0-20250111125333-2b80f885bfc2/go.mod h1:YVvG9X9nrUoOtk9DEkyyk6/0vdfNcDYHNWgBwGHbcUE=
github.com/fbaube/fileutils v0.0.0-20210215145923-7216a545e6b4/go.mod h1:Q3NOQ00NULN3Un/dxrzYDaFacMnjW9vG1Ffe3cHRdro=
github.com/fbaube/fileutils v0.0.0-20241214171642-8f768cf51d18 h1:kKZQONKY2A1meWxNc6NVfvY/2imXPIWfRvrKPHrQ4X0=
github.com/fbaube/fileutils v0.0.0-20241214171642-8f768cf51d18/go.mod h1:SO4JqEOPvdUPTkkN+MbkFUL32CpYeua4ercabK6N+o4=
github.com/fbaube/fileutils v0.0.0-20250108104151-64966db5071b h1:TXeZvnUvkZOj8IK7K/EON7AKFxOHpy3Y7A7vz4Cwfuk=
github.com/fbaube/fileutils v0.0.0-20250108104151-64966db5071b/go.mod h1:yuDQP9MoveyVJFfT5dYLXDPEC5vwS6/+pjNa9iKjR6Y=
github.com/fbaube/fileutils v0.0.0-20250131051553-89d93af3c09f h1:cNsVeRgNSeZshzxmngNhqplOab/g8N6O1BWQ64r7Lbs=
github.com/fbaube/fileutils v0.0.0-20250131051553-89d93af3c09f/go.mod h1:g2VBF/6oC905nitBlbTvYvuPit5gmLxsaUX3U6wwyDI=
github.com/fbaube/gparse v0.0.0-20230421173125-0aaf74eb920c h1:Wc/p/iz4WKF00neYNYszzfGsI7VhR2P/ZAu7TCjtXQs=
github.com/fbaube/gparse v0.0.0-20230421173125-0aaf74eb920c/go.mod h1:0eMhKY31+tGA22qYyPzkDHPf/Q+3BZyUfDRLGjZywFM=
github.com/fbaube/gtoken v0.0.0-20220221192313-06c1a87f1884/go.mod h1:L5TPmM5qhEVECO49RCwHxUMIJStcDicDuXPz9VzgyNs=
github.com/fbaube/gtoken v0.0.0-20240919113631-c2a0de9ff09f h1:oyTAuovJDLSyKv/gqNn8rWby662C/i1vQ+RFgRQ0ZsU=
github.com/fbaube/gtoken v0.0.0-20240919113631-c2a0de9ff09f/go.mod h1:Z+xpPO+LVIok28vfC0vP4yORHVAtBCv+e7c8eWwCmLU=
github.com/fbaube/gtree v0.0.0-20240919113749-f4866e52ccbe h1:gBQqOfBK7bWwHVcZNkenxS9iN8JXA5bhYZ/3dsNZZYo=
github.com/fbaube/gtree v0.0.0-20240919113749-f4866e52ccbe/go.mod h1:8dqG0hMSaVuT/Bg3GW4lgOcV0KXE5gD914A79Tuh4eU=
github.com/fbaube/humanbytes v0.0.0-20240227103335-a0b11501ad0e h1:2lRZ3QxDYaZ9F7RXLSL3zugdmeQTGOrRddBk+RVTRY0=
github.com/fbaube/humanbytes v0.0.0-20240227103335-a0b11501ad0e/go.mod h1:WUS3tn4t+FViNsl4VOqYiV51cJNIIeMjLI9fOfm+Ug8=
github.com/fbaube/humanbytes v0.0.0-20250119091546-d58fbfdd444c h1:k6VDhhlL+FI8nrBAwQDoXyPEKN+MuOtSMaDJfzwnA7E=
github.com/fbaube/humanbytes v0.0.0-20250119091546-d58fbfdd444c/go.mod h1:WUS3tn4t+FViNsl4VOqYiV51cJNIIeMjLI9fOfm+Ug8=
github.com/fbaube/logutils v0.0.0-20240425064504-eb572963f0fc h1:y21oEpytLrjte0p6CuKWTYQWc9xux0ys6a/vABtEqGs=
github.com/fbaube/logutils v0.0.0-20240425064504-eb572963f0fc/go.mod h1:Ulyk3vIjQ5L/NqJ9wmTMawBjqzAOvCs1jxF5iV3tS1w=
github.com/fbaube/lwdx v0.0.0-20241028093627-8a7133fbc931 h1:CYBuvkxTvvjzrAZA6vIb7b4b8bP8h3JfnJasclopGQA=
github.com/fbaube/lwdx v0.0.0-20241028093627-8a7133fbc931/go.mod h1:Ln9C8bbebOjY4/pWJiRbSD5wIDO/mdkM2DZc0n/BO2E=
github.com/fbaube/m5db v0.0.0-20240509180501-84aae2bef357 h1:DkYyx+V9ksLHYd5u7xF8Q7QDNU4RqGwM5q7ID8z/0Wk=
github.com/fbaube/m5db v0.0.0-20240509180501-84aae2bef357/go.mod h1:yLgFySkBP8FRpa/pF3g02q0nxLWuL4uM/6PWsrq3GZs=
github.com/fbaube/miscutils v0.0.0-20240914143110-b98201fa8b4e h1:nly5+uEAdUq4UIvrx081LI8GBhtgDUDKZi57/hZD8TA=
github.com/fbaube/miscutils v0.0.0-20240914143110-b98201fa8b4e/go.mod h1:smjQdWsE6GthPacgvVUhKLNMUcN6Sf+gIvaUweTius4=
github.com/fbaube/miscutils v0.0.0-20250121061531-3eeb9462af67 h1:lTnt8jw9jN9iA6fp0ws5clVW/4qfNykSNmS94eFJD5Q=
github.com/fbaube/miscutils v0.0.0-20250121061531-3eeb9462af67/go.mod h1:smjQdWsE6GthPacgvVUhKLNMUcN6Sf+gIvaUweTius4=
github.com/fbaube/miscutils v0.0.0-20250126181629-6a2fa9af43b7 h1:7EDgdU9hotwYEf5Bx7w4I6SNm/rwOx88siLiD0o+xl8=
github.com/fbaube/miscutils v0.0.0-20250126181629-6a2fa9af43b7/go.mod h1:v32q0zwZh3Ft6WFuIdeLPwPgOAIy5h0AAPoJRi9DF6k=
github.com/fbaube/mlog v0.0.0-20220216070905-84d38f5d34e0/go.mod h1:7zMkNQqfN6ZueDR3jAJcDBKJ8fmCGnP/LyfBnQMT4io=
github.com/fbaube/mlog v0.0.0-20240425064535-3b89e3b28a76 h1:C1SjY+GWMR1smUZqspWm52AYfDq30fIjRzmy+ar+a8M=
github.com/fbaube/mlog v0.0.0-20240425064535-3b89e3b28a76/go.mod h1:kmnrjIOIydIQG0XoPcMoQ9XYJmVTt9fOByMvkDiDBTo=
github.com/fbaube/orderednodes v0.0.0-20241028093454-a486f48b9a79 h1:DINTOt9Kl3fsM1ZEueJq8wcH8MCtbiL+Usxf5NVI+Uc=
github.com/fbaube/orderednodes v0.0.0-20241028093454-a486f48b9a79/go.mod h1:b3wD7MwLQgmz/vePCRAjq0mJLbvfl5Jd1ZZMU3jYQnM=
github.com/fbaube/orderednodes v0.0.0-20250125101611-3e7d94634282 h1:aAcRsT3FpO2c3w90rborg2JNDYPagQ3DmDw6ftau2NE=
github.com/fbaube/orderednodes v0.0.0-20250125101611-3e7d94634282/go.mod h1:9VWV7m9f0su4uPRL2gDpkV6ohmWgv6pMaUcOK7JK8kI=
github.com/fbaube/orderednodes v0.0.0-20250126165732-e38b2d88664e h1:uqP11+m5qixlFI853HcVFvVWjohLcGhIC4kg+p2+NTQ=
github.com/fbaube/orderednodes v0.0.0-20250126165732-e38b2d88664e/go.mod h1:9VWV7m9f0su4uPRL2gDpkV6ohmWgv6pMaUcOK7JK8kI=
github.com/fbaube/orderednodes v0.0.0-20250126193018-b98f383d052a h1:aixO3T6hJv+KnK9LUNT9STeFSvwymbCi3Vj/ayL6dPM=
github.com/fbaube/orderednodes v0.0.0-20250126193018-b98f383d052a/go.mod h1:qsms5cyHHWZS30zTLPUQ7baJCBRFKpeNtJRIqOfxzNo=
github.com/fbaube/orderednodes v0.0.0-20250131051705-e640c73a37bd h1:gFJX6/NuxudGdNDwBngcvxUEOQLZ4rwOfuNedWKthmI=
github.com/fbaube/orderednodes v0.0.0-20250131051705-e640c73a37bd/go.mod h1:qsms5cyHHWZS30zTLPUQ7baJCBRFKpeNtJRIqOfxzNo=
github.com/fbaube/orderednodes v0.0.0-20250201094904-a25093888017 h1:X5tg2AqSOGJkF7cclphD/oB2pQkAyzWkQi1CGq3Hw5Q=
github.com/fbaube/orderednodes v0.0.0-20250201094904-a25093888017/go.mod h1:qsms5cyHHWZS30zTLPUQ7baJCBRFKpeNtJRIqOfxzNo=
github.com/fbaube/parseutils v0.0.0-20220310134313-a5d0ceeeabb3/go.mod h1:J3gIK/myAYcFh9jAgVAawRE5iPxor38nmbfNGTnycJU=
github.com/fbaube/parseutils v0.0.0-20240117103929-681897b1f883 h1:uWst8iOXICKxejsRDU3spW0q4iVMJp87yRCoT9/G+j8=
github.com/fbaube/parseutils v0.0.0-20240117103929-681897b1f883/go.mod h1:KJMfLJ/C6vsNr2S2/yXCwmDz9BHENg40zTh0lPStijE=
github.com/fbaube/parseutils v0.0.0-20250120204442-06cf7bb40b9f h1:uhyQYESBhuVlLZlJk5GH9vLhWji4+kKQMx70xq6XouY=
github.com/fbaube/parseutils v0.0.0-20250120204442-06cf7bb40b9f/go.mod h1:KJMfLJ/C6vsNr2S2/yXCwmDz9BHENg40zTh0lPStijE=
github.com/fbaube/parseutils v0.0.0-20250126171744-61ae7f8266d0 h1:0fCgi/ST30rE0ysiiOSZYdrLVEvfmKVD1jTHxjQTm5w=
github.com/fbaube/parseutils v0.0.0-20250126171744-61ae7f8266d0/go.mod h1:DyAWbBZcLru8rERI0z2CzSQgWCiCsFppVjz+kVXHV1c=
github.com/fbaube/parseutils v0.0.0-20250126182059-2874edfba089 h1:vkaT2ii8gqUzT2uK43WBXc5OFppgMdanGnNRCEsrdq4=
github.com/fbaube/parseutils v0.0.0-20250126182059-2874edfba089/go.mod h1:TxtFcBJOoaJvKhKHpMnN6zR/vsQm72eaBLyzjumFOfg=
github.com/fbaube/parseutils v0.0.0-20250126182432-3beb8a9f0044 h1:i6SifqRqc3/A0LycH5T5LY23/hAnFok3rzVWvyw1okk=
github.com/fbaube/parseutils v0.0.0-20250126182432-3beb8a9f0044/go.mod h1:TxtFcBJOoaJvKhKHpMnN6zR/vsQm72eaBLyzjumFOfg=
github.com/fbaube/stringutils v0.0.0-20210716195613-2633ae132b43/go.mod h1:pyXNXdLCEtNZyV2GFdbOGiO6nDrH6SVmxp7EG9oISIE=
github.com/fbaube/stringutils v0.0.0-20240923132734-4299299a2f4d h1:0vtZZWaX3Vs9/4N1KUUkyVDMSFJU4T5YVwCezttglXw=
github.com/fbaube/stringutils v0.0.0-20240923132734-4299299a2f4d/go.mod h1:45y1buj6hAF27oeACgRMSBJfV0uU6mmppnEaRftSy+g=
github.com/fbaube/stringutils v0.0.0-20250118202833-adea6809d311 h1:3Ksy124HceY5QaxMjMOBhyJtycVsf9PHQgPe4XfVvU8=
github.com/fbaube/stringutils v0.0.0-20250118202833-adea6809d311/go.mod h1:3GJ4DA5iiXoED3svO/Ig5xyq8237abRYOKItvxhL+E4=
github.com/fbaube/stringutils v0.0.0-20250120124849-e15d0abeb13c h1:JNGjWNjfOK+chYK4F+vCXbOeMLlMrgNBQYcYTGeFhLU=
github.com/fbaube/stringutils v0.0.0-20250120124849-e15d0abeb13c/go.mod h1:3GJ4DA5iiXoED3svO/Ig5xyq8237abRYOKItvxhL+E4=
github.com/fbaube/wasmutils v0.0.0-20210130165146-e84dfddef26c/go.mod h1:zvSKkP2Q1b0bu5IuwmY0b2x4ZXEZMYcG0ClOKublfR0=
github.com/fbaube/wasmutils v0.0.0-20231209183154-e25018375bc2 h1:c2o0/6fIdaGD9G84GUFg41qHYPWqfKO0HD8G9KLJQH4=
github.com/fbaube/wasmutils v0.0.0-20231209183154-e25018375bc2/go.mod h1:Yv24ab7DbaTunolfMWqQVI0g8yCNFu8y5IHxLbwZ0ZE=
github.com/fbaube/xmlmodels v0.0.0-20210717124325-02bf973617c5/go.mod h1:aPAbtv8J097HzqFnoGVeBvUOjkYGk/sQEkvrk25N7lE=
github.com/fbaube/xmlutils v0.0.0-20220307192304-2d5293ea6608/go.mod h1:b9yEIFiCE4cPVYOTU6LXWgv5QtudKv5w18Zrjqou0pM=
github.com/fbaube/xmlutils v0.0.0-20240425064631-d7c56373bd9a h1:BBUKU9STuOJ20/fWJTvdxROGnKEo9eREMaG/A+cphPk=
github.com/fbaube/xmlutils v0.0.0-20240425064631-d7c56373bd9a/go.mod h1:bSVQqpwp9ObrEdmefz4k1rNzTDzrj+JljsJDuVfkxtM=
github.com/fbaube/xmlutils v0.0.0-20250118141106-b22aff37b7ef h1:Jsmv6bE2fhOURDmXY0totTty6fSbheyRLUAuPvHsV/M=
github.com/fbaube/xmlutils v0.0.0-20250118141106-b22aff37b7ef/go.mod h1:gF9xLWT4OsbcaUuTw+2n61e/xe6Fkey+8Rlo+UjJf5c=
github.com/gabriel-vasile/mimetype v1.4.7 h1:SKFKl7kD0RiPdbht0s7hFtjl489WcQ1VyPW8ZzUMYCA=
github.com/gabriel-vasile/mimetype v1.4.7/go.mod h1:GDlAgAyIRT27BhFl53XNAFtfjzOkLaF35JdEG0P7LtU=
github.com/gabriel-vasile/mimetype v1.4.8 h1:FfZ3gj38NjllZIeJAmMhr+qKL8Wu+nOoI3GqacKw1NM=
github.com/gabriel-vasile/mimetype v1.4.8/go.mod h1:ByKUIKGjh1ODkGM1asKUbQZOLGrPjydw3hYPU2YU9t8=
github.com/go-git/go-git v4.7.0+incompatible/go.mod h1:6+421e08gnZWn30y26Vchf7efgYLe4dl5OQbBSUXShE=
github.com/gomarkdown/markdown v0.0.0-20241205020045-f7e15b2f3e62 h1:pbAFUZisjG4s6sxvRJvf2N7vhpCvx2Oxb3PmS6pDO1g=
github.com/gomarkdown/markdown v0.0.0-20241205020045-f7e15b2f3e62/go.mod h1:JDGcbDT52eL4fju3sZ4TeHGsQwhG9nbDV21aMyhwPoA=
github.com/gomarkdown/markdown v0.0.0-20250202022148-4f606c78d442 h1:lh+tgYKiB5F6PWv2gxb5WuX/nKpx+dDNgXkrguRuoOc=
github.com/gomarkdown/markdown v0.0.0-20250202022148-4f606c78d442/go.mod h1:JDGcbDT52eL4fju3sZ4TeHGsQwhG9nbDV21aMyhwPoA=
github.com/lainio/err2 v1.2.0 h1:xSH/d0L2ULejZ9ouvnXjIw7ywUU/nozoE6r4c2FIlUM=
github.com/lainio/err2 v1.2.0/go.mod h1:glTVV2qNFbBy6WzZFDP2G5BqMiZI58cudp588cEgCuM=
github.com/mattn/go-colorable v0.1.9/go.mod h1:u6P/XSegPjTcexA+o6vUJrdnUu04hMope9wVRipJSqc=
github.com/mattn/go-colorable v0.1.12/go.mod h1:u5H1YNBxpqRaxsYJYSkiCWKzEfiAb1Gb520KVy5xxl4=
github.com/mattn/go-colorable v0.1.13 h1:fFA4WZxdEF4tXPZVKMLwD8oUnCTTo08duU7wxecdEvA=
github.com/mattn/go-colorable v0.1.13/go.mod h1:7S9/ev0klgBDR4GtXTXX8a3vIGJpMovkB8vQcUbaXHg=
github.com/mattn/go-colorable v0.1.14 h1:9A9LHSqF/7dyVVX6g0U9cwm9pG3kP9gSzcuIPHPsaIE=
github.com/mattn/go-colorable v0.1.14/go.mod h1:6LmQG8QLFO4G5z1gPvYEzlUgJ2wF+stgPZH1UqBm1s8=
github.com/mattn/go-isatty v0.0.12/go.mod h1:cbi8OIDigv2wuxKPP5vlRcQ1OAZbq2CE4Kysco4FUpU=
github.com/mattn/go-isatty v0.0.14/go.mod h1:7GGIvUiUoEMVVmxf/4nioHXj79iQHKdU27kJ6hsGG94=
github.com/mattn/go-isatty v0.0.16/go.mod h1:kYGgaQfpe5nmfYZH+SKPsOc2e4SrIfOl2e/yFXSvRLM=
github.com/mattn/go-isatty v0.0.20 h1:xfD0iDuEKnDkl03q4limB+vH+GxLEtL/jb4xVJSWWEY=
github.com/mattn/go-isatty v0.0.20/go.mod h1:W+V8PltTTMOvKvAeJH7IuucS94S2C6jfK/D7dTCTo3Y=
github.com/mattn/go-sqlite3 v1.14.24 h1:tpSp2G2KyMnnQu99ngJ47EIkWVmliIizyZBfPrBWDRM=
github.com/mattn/go-sqlite3 v1.14.24/go.mod h1:Uh1q+B4BYcTPb+yiD3kU8Ct7aC0hY9fxUwlHK0RXw+Y=
github.com/mgutz/str v1.2.0 h1:4IzWSdIz9qPQWLfKZ0rJcV0jcUDpxvP4JVZ4GXQyvSw=
github.com/mgutz/str v1.2.0/go.mod h1:w1v0ofgLaJdoD0HpQ3fycxKD1WtxpjSo151pK/31q6w=
github.com/nbio/xml v0.0.0-20241216070934-4764bf75a92d h1:BBcpYEgKYZ8PGw/Jxk3wGsEDz5OjN/wum2XAdyU56P8=
github.com/nbio/xml v0.0.0-20241216070934-4764bf75a92d/go.mod h1:990JnYmJZFrx1vI1TALoD6/fCqnWlTx2FrPbYy2wi5I=
github.com/nbio/xml v0.0.0-20250127210239-7f9281fed8c6 h1:gq7NUVMTeMfJLscyjyu0SUb6nDnXiGAyrAri0TMUE0E=
github.com/nbio/xml v0.0.0-20250127210239-7f9281fed8c6/go.mod h1:990JnYmJZFrx1vI1TALoD6/fCqnWlTx2FrPbYy2wi5I=
github.com/src-d/gcfg v1.4.0/go.mod h1:p/UMsR43ujA89BJY9duynAwIpvqEujIH/jFlfL7jWoI=
github.com/yuin/goldmark v1.4.8/go.mod h1:rmuwmfZ0+bvzB24eSC//bk1R1Zp3hM0OXYv/G2LIilg=
github.com/yuin/goldmark v1.7.8 h1:iERMLn0/QJeHFhxSt3p6PeN9mGnvIKSpG9YYorDMnic=
github.com/yuin/goldmark v1.7.8/go.mod h1:uzxRWxtg69N339t3louHJ7+O03ezfj6PlliRlaOzY1E=
golang.org/x/exp v0.0.0-20241217172543-b2144cdd0a67 h1:1UoZQm6f0P/ZO0w1Ri+f+ifG/gXhegadRdwBIXEFWDo=
golang.org/x/exp v0.0.0-20241217172543-b2144cdd0a67/go.mod h1:qj5a5QZpwLU2NLQudwIN5koi3beDhSAlJwa67PuM98c=
golang.org/x/exp v0.0.0-20250106191152-7588d65b2ba8 h1:yqrTHse8TCMW1M1ZCP+VAR/l0kKxwaAIqN/il7x4voA=
golang.org/x/exp v0.0.0-20250106191152-7588d65b2ba8/go.mod h1:tujkw807nyEEAamNbDrEGzRav+ilXA7PCRAd6xsmwiU=
golang.org/x/exp v0.0.0-20250128182459-e0ece0dbea4c h1:KL/ZBHXgKGVmuZBZ01Lt57yE5ws8ZPSkkihmEyq7FXc=
golang.org/x/exp v0.0.0-20250128182459-e0ece0dbea4c/go.mod h1:tujkw807nyEEAamNbDrEGzRav+ilXA7PCRAd6xsmwiU=
golang.org/x/net v0.0.0-20220225172249-27dd8689420f/go.mod h1:CfG3xpIq0wQ8r1q4Su4UZFWDARRcnwPjda9FqA0JpMk=
golang.org/x/net v0.33.0 h1:74SYHlV8BIgHIFC/LrYkOGIwL19eTYXQ5wc6TBuO36I=
golang.org/x/net v0.33.0/go.mod h1:HXLR5J+9DxmrqMwG9qjGCxZ+zKXxBru04zlTvWlWuN4=
golang.org/x/net v0.34.0 h1:Mb7Mrk043xzHgnRM88suvJFwzVrRfHEHJEl5/71CKw0=
golang.org/x/net v0.34.0/go.mod h1:di0qlW3YNM5oh6GqDGQr92MyTozJPmybPK4Ev/Gm31k=
golang.org/x/sys v0.0.0-20200116001909-b77594299b42/go.mod h1:h1NjWce9XRLGQEsW7wpKNCjG9DtNlClVuFLEZdDNbEs=
golang.org/x/sys v0.0.0-20200223170610-d5e6a3e2c0ae/go.mod h1:h1NjWce9XRLGQEsW7wpKNCjG9DtNlClVuFLEZdDNbEs=
golang.org/x/sys v0.0.0-20210615035016-665e8c7367d1/go.mod h1:oPkhp1MJrh7nUepCBck5+mAzfO9JrbApNNgaTdGDITg=
golang.org/x/sys v0.0.0-20210630005230-0f9fa26af87c/go.mod h1:oPkhp1MJrh7nUepCBck5+mAzfO9JrbApNNgaTdGDITg=
golang.org/x/sys v0.0.0-20210927094055-39ccf1dd6fa6/go.mod h1:oPkhp1MJrh7nUepCBck5+mAzfO9JrbApNNgaTdGDITg=
golang.org/x/sys v0.0.0-20211216021012-1d35b9e2eb4e/go.mod h1:oPkhp1MJrh7nUepCBck5+mAzfO9JrbApNNgaTdGDITg=
golang.org/x/sys v0.0.0-20220310020820-b874c991c1a5/go.mod h1:oPkhp1MJrh7nUepCBck5+mAzfO9JrbApNNgaTdGDITg=
golang.org/x/sys v0.0.0-20220811171246-fbc7d0a398ab/go.mod h1:oPkhp1MJrh7nUepCBck5+mAzfO9JrbApNNgaTdGDITg=
golang.org/x/sys v0.6.0/go.mod h1:oPkhp1MJrh7nUepCBck5+mAzfO9JrbApNNgaTdGDITg=
golang.org/x/sys v0.28.0 h1:Fksou7UEQUWlKvIdsqzJmUmCX3cZuD2+P3XyyzwMhlA=
golang.org/x/sys v0.28.0/go.mod h1:/VUhepiaJMQUp4+oa/7Zr1D23ma6VTLIYjOOTFZPUcA=
golang.org/x/sys v0.29.0 h1:TPYlXGxvx1MGTn2GiZDhnjPA9wZzZeGKHHmKhHYvgaU=
golang.org/x/sys v0.29.0/go.mod h1:/VUhepiaJMQUp4+oa/7Zr1D23ma6VTLIYjOOTFZPUcA=
golang.org/x/term v0.0.0-20210927222741-03fcf44c2211/go.mod h1:jbD1KX2456YbFQfuXm/mYQcufACuNUgVhRMnK/tPxf8=
golang.org/x/text v0.3.7/go.mod h1:u+2+/6zg+i71rQMx5EYifcz6MCKuco9NR6JIITiCfzQ=
golang.org/x/tools v0.0.0-20180917221912-90fa682c2a6e/go.mod h1:n7NCudcB/nEzxVGmLbDWY5pfWTLqBcC2KZ6jyYvM4mQ=
golang.org/x/tools v0.28.0 h1:WuB6qZ4RPCQo5aP3WdKZS7i595EdWqWR8vqJTlwTVK8=
golang.org/x/tools v0.28.0/go.mod h1:dcIOrVd3mfQKTgrDVQHqCPMWy6lnhfhtX3hLXYVLfRw=
golang.org/x/tools v0.29.0 h1:Xx0h3TtM9rzQpQuR4dKLrdglAmCEN5Oi+P74JdhdzXE=
golang.org/x/tools v0.29.0/go.mod h1:KMQVMRsVxU6nHCFXrBPhDB8XncLNLM0lIy/F14RP588=
gopkg.in/check.v1 v0.0.0-20161208181325-20d25e280405 h1:yhCVgyC4o1eVCa2tZl7eS0r+SDo693bJlVdllGtEeKM=
gopkg.in/check.v1 v0.0.0-20161208181325-20d25e280405/go.mod h1:Co6ibVJAznAaIkqp8huTwlJQCZ016jof/cbN4VW5Yz0=
gopkg.in/warnings.v0 v0.1.2/go.mod h1:jksf8JmL6Qr/oQM2OXTHunEvvTAsrWBLb6OOjuVWRNI=
gopkg.in/yaml.v2 v2.4.0 h1:D8xgwECY7CYvx+Y2n4sBz93Jn9JRvxdiyyo8CTfuKaY=
gopkg.in/yaml.v2 v2.4.0/go.mod h1:RDklbk79AGWmwhnvt/jBztapEOGDOx6ZbXqjP6csGnQ=
