github.com/fatih/color v1.13.0/go.mod h1:kLAiJbzzSOZDVNGyDpeOxJ47H46qBXwg5ILebYFFOfk=
github.com/fatih/color v1.16.0 h1:zmkK9Ngbjj+K0yRhTVONQh1p/HknKYSlNT+vZCzyokM=
github.com/fatih/color v1.16.0/go.mod h1:fL2Sau1YI5c0pdGEVCbKQbLXB6edEj1ZgiY4NijnWvE=
github.com/fbaube/contentanalysis v0.0.0-20240117104147-e12c9546e1cc h1:wXGEEvUuPkxXT4WlNOYSCpT6k+AMu6QmhKPhaRV6OdM=
github.com/fbaube/contentanalysis v0.0.0-20240117104147-e12c9546e1cc/go.mod h1:GOTdElM8pbxZZBH4iHc5Vo/s9dLu/wDvRQcpOPLSWXQ=
github.com/fbaube/contentanalysis v0.0.0-20240319104033-db838f836ab0 h1:8Rw0asWoQyYhUd2J5qdvEG5l3QwZG7icYF+xKwwZPbY=
github.com/fbaube/contentanalysis v0.0.0-20240319104033-db838f836ab0/go.mod h1:CcH02GjjjWZHe+gGlAQNBvGPpcjBoOIbPw7cVtlXKAE=
github.com/fbaube/ctoken v0.0.0-20240117104044-e4c4f08f089a h1:r59r15IW9qrWfpRBWuzWi3M5diLNesZhNA1o1XjoOx4=
github.com/fbaube/ctoken v0.0.0-20240117104044-e4c4f08f089a/go.mod h1:pPoxOOTB5Gd1RcsqSuhfFvH2/StTWFVU/aWHmF+DVA8=
github.com/fbaube/ctoken v0.0.0-20240318064251-0d73030038b5 h1:0scpgD74lzmpOOn9YE6lHI7LOVdvALQPU2up3kbyHuE=
github.com/fbaube/ctoken v0.0.0-20240318064251-0d73030038b5/go.mod h1:MzaCWuPd7bek9dVfpVC6hamdoKfyTctcWvBqdTEQUo0=
github.com/fbaube/ctoken v0.0.0-20240319195511-16f0dbe6e833 h1:Du29sPtFcgLs9HPxGf5NWL094nnYe6FW42WS9I01q5g=
github.com/fbaube/ctoken v0.0.0-20240319195511-16f0dbe6e833/go.mod h1:MzaCWuPd7bek9dVfpVC6hamdoKfyTctcWvBqdTEQUo0=
github.com/fbaube/datarepo v0.0.0-20240125124914-aa0b49fd3fe0 h1:ZZE9IVjBV6xAUypHEp1gTvMmbgpNDRU0jycB4SKSxlA=
github.com/fbaube/datarepo v0.0.0-20240125124914-aa0b49fd3fe0/go.mod h1:AgD2JZ85p8/8/xWOnvsZbRIh2OLELTTgK0MoElocUEI=
github.com/fbaube/datarepo v0.0.0-20240129213518-b31219606470 h1:A7QuNf3ew7cB1ESOaudIaH7vLx0xw2K1ByZkRoNrudI=
github.com/fbaube/datarepo v0.0.0-20240129213518-b31219606470/go.mod h1:pQ72xCBGlG/27W0zQjTCqKBN/c1uEIkvEwgePfsmpq4=
github.com/fbaube/datarepo v0.0.0-20240130110443-a9e27373dc63 h1:15UC51CQvmuMW2ZJTvEOF7abuFCRvltWtEi6XNJuBqQ=
github.com/fbaube/datarepo v0.0.0-20240130110443-a9e27373dc63/go.mod h1:pQ72xCBGlG/27W0zQjTCqKBN/c1uEIkvEwgePfsmpq4=
github.com/fbaube/datarepo v0.0.0-20240202204903-590376f79b55 h1:yHrAhThsdUR0rnFhWevE1gHcLlRcZvhbU1zYHregabk=
github.com/fbaube/datarepo v0.0.0-20240202204903-590376f79b55/go.mod h1:w7gSnq91VxW9eGizZmHtYUATKVkMfo2nOyoKCWSl1tc=
github.com/fbaube/datarepo v0.0.0-20240203090328-2edd41e5ca11 h1:f8VbRZUNFtgyMJgJiHLGrmj/DPAKd5qclnVFs+0ZKz0=
github.com/fbaube/datarepo v0.0.0-20240203090328-2edd41e5ca11/go.mod h1:w7gSnq91VxW9eGizZmHtYUATKVkMfo2nOyoKCWSl1tc=
github.com/fbaube/datarepo v0.0.0-20240203153603-3b3d2fa5f3b4 h1:v4AAl8RdMuUma6HssOZNLEXNU4L2fXcfJ8hbgfyHGd8=
github.com/fbaube/datarepo v0.0.0-20240203153603-3b3d2fa5f3b4/go.mod h1:w7gSnq91VxW9eGizZmHtYUATKVkMfo2nOyoKCWSl1tc=
github.com/fbaube/datarepo v0.0.0-20240204164432-feb1b11ae167 h1:kkjIWVjMohsg6H3GJd6HfkBwYaXJOOQSdAbksBo4MX4=
github.com/fbaube/datarepo v0.0.0-20240204164432-feb1b11ae167/go.mod h1:w7gSnq91VxW9eGizZmHtYUATKVkMfo2nOyoKCWSl1tc=
github.com/fbaube/datarepo v0.0.0-20240206084457-78cb74dd74f2 h1:rQedKd6iThVjWv9vPX0vjkI/vbX1YQHxiGxrW57/jDk=
github.com/fbaube/datarepo v0.0.0-20240206084457-78cb74dd74f2/go.mod h1:w7gSnq91VxW9eGizZmHtYUATKVkMfo2nOyoKCWSl1tc=
github.com/fbaube/datarepo v0.0.0-20240229152658-d3766bce38b9 h1:5uPu8W+vJJGxh467FpnDbrRCiKsUAGUTZBC0u6oFTM8=
github.com/fbaube/datarepo v0.0.0-20240229152658-d3766bce38b9/go.mod h1:HAAFbUJ2k6UTXV03cWS/YsrV7ie/OEyutCmdNDwc8fI=
github.com/fbaube/datarepo v0.0.0-20240229192356-de998a4ebd5e h1:m2vUIA9cPwdmfWDSI+v0W1VP2xmme8blXT1h3PnoxvA=
github.com/fbaube/datarepo v0.0.0-20240229192356-de998a4ebd5e/go.mod h1:HAAFbUJ2k6UTXV03cWS/YsrV7ie/OEyutCmdNDwc8fI=
github.com/fbaube/datarepo v0.0.0-20240305143418-2c3773cb4ff2 h1:JTel2Oku6nzxEQXvIj9JW3ZTgne3prkh9/Cr/C8C6Kc=
github.com/fbaube/datarepo v0.0.0-20240305143418-2c3773cb4ff2/go.mod h1:HAAFbUJ2k6UTXV03cWS/YsrV7ie/OEyutCmdNDwc8fI=
github.com/fbaube/datarepo v0.0.0-20240313103734-01ef444aaf04 h1:5w1vM+24DV0OY1k5WA0VZDsl7ujpnDR8GXmNGi6EcZw=
github.com/fbaube/datarepo v0.0.0-20240313103734-01ef444aaf04/go.mod h1:r+1ePdW5btLUzO7RUIse4+M3l3OU5TRh02NeqAQzTzs=
github.com/fbaube/datarepo v0.0.0-20240313194744-829f7b7628fe h1:OGYsCneuDIVIXwMi5wvRSUyknHZt5n05+ZH6RQZ4y4s=
github.com/fbaube/datarepo v0.0.0-20240313194744-829f7b7628fe/go.mod h1:r+1ePdW5btLUzO7RUIse4+M3l3OU5TRh02NeqAQzTzs=
github.com/fbaube/datarepo v0.0.0-20240315153721-ad0c0d180f5d h1:wW+gPR4NJDHcwq/yRcIG/HidOKo0nsJ7pAT5eMLecIg=
github.com/fbaube/datarepo v0.0.0-20240315153721-ad0c0d180f5d/go.mod h1:KAU7L6K+H/0e0T2HOfDrNd5Lx2G585MY6bZojlpWhtM=
github.com/fbaube/datarepo v0.0.0-20240315214332-bfb81ced0808 h1:0XYgnRPvX1TtOYV5CZlVHkdYgkQT5hRUnOLSA6kz5xU=
github.com/fbaube/datarepo v0.0.0-20240315214332-bfb81ced0808/go.mod h1:KAU7L6K+H/0e0T2HOfDrNd5Lx2G585MY6bZojlpWhtM=
github.com/fbaube/datarepo v0.0.0-20240316064703-92ebad8ae012 h1:s+zXPzaF3Nc63srt/NBptA0/4TLMoHq2hYLf+PhVilA=
github.com/fbaube/datarepo v0.0.0-20240316064703-92ebad8ae012/go.mod h1:KAU7L6K+H/0e0T2HOfDrNd5Lx2G585MY6bZojlpWhtM=
github.com/fbaube/datarepo v0.0.0-20240316074208-690c7ad8a88c h1:yfcnV05IUgwhPgRI2MjAWVZp2+JWPYfyjNtxtPy5nbo=
github.com/fbaube/datarepo v0.0.0-20240316074208-690c7ad8a88c/go.mod h1:KAU7L6K+H/0e0T2HOfDrNd5Lx2G585MY6bZojlpWhtM=
github.com/fbaube/datarepo v0.0.0-20240316124815-f49f03bc6991 h1:WYs8qyYRv3n60xeQCsH1mmi5WWq/XGm5xxnJwBDGXHM=
github.com/fbaube/datarepo v0.0.0-20240316124815-f49f03bc6991/go.mod h1:KAU7L6K+H/0e0T2HOfDrNd5Lx2G585MY6bZojlpWhtM=
github.com/fbaube/datarepo v0.0.0-20240316160153-6ce208da800d h1:/SQJkBbTZoYrsdqj/WqOfajP/6DenVkAfXoLEVirP6g=
github.com/fbaube/datarepo v0.0.0-20240316160153-6ce208da800d/go.mod h1:KAU7L6K+H/0e0T2HOfDrNd5Lx2G585MY6bZojlpWhtM=
github.com/fbaube/datarepo v0.0.0-20240316183107-2df2ccaa6e58 h1:Kh2oV8c0Xe+GqtoF+XHYe16jry/B00Q+VNSLtM3ihhk=
github.com/fbaube/datarepo v0.0.0-20240316183107-2df2ccaa6e58/go.mod h1:KAU7L6K+H/0e0T2HOfDrNd5Lx2G585MY6bZojlpWhtM=
github.com/fbaube/datarepo v0.0.0-20240319104325-a229aaef21ec h1:T1ab1O5Sak1N++qkd2rLBIHE2XyMQeeefYgt51dBlds=
github.com/fbaube/datarepo v0.0.0-20240319104325-a229aaef21ec/go.mod h1:NdVC92YKbX4EkM2O7gu7udhb9hJ4lKwOJVRZlp7qh2A=
github.com/fbaube/dsmnd v0.0.0-20240117202718-156e4507cef4 h1:+yUhwsUjYiPz8zPJdtyzeMZK8wg9b7hwLjWNF6EE8Qo=
github.com/fbaube/dsmnd v0.0.0-20240117202718-156e4507cef4/go.mod h1:7FFQTZsr7f2vA243fKLohCwszP3Xrzi/xbFkOyPF+YQ=
github.com/fbaube/dsmnd v0.0.0-20240130143636-adbc149a7741 h1:1qmauz9VF6WcTp4umXA40TQ65UftqHE80pgx4wQSpWo=
github.com/fbaube/dsmnd v0.0.0-20240130143636-adbc149a7741/go.mod h1:7FFQTZsr7f2vA243fKLohCwszP3Xrzi/xbFkOyPF+YQ=
github.com/fbaube/fileutils v0.0.0-20210215145923-7216a545e6b4/go.mod h1:Q3NOQ00NULN3Un/dxrzYDaFacMnjW9vG1Ffe3cHRdro=
github.com/fbaube/fileutils v0.0.0-20231218210156-f6a37eab1eae h1:zU2TS8foMExseNqJE/vnlkoEzMzJhqsqSL8A02S2vuM=
github.com/fbaube/fileutils v0.0.0-20231218210156-f6a37eab1eae/go.mod h1:zCfNLrBn2uhhdt6rzsNFrV/iwLcVKub1kubC+wi3Zas=
github.com/fbaube/fileutils v0.0.0-20240313201955-760dba24347d h1:JKS20L1OCCZRkLzqPO/TvzJgALKrDxKDrapDOq3A7F4=
github.com/fbaube/fileutils v0.0.0-20240313201955-760dba24347d/go.mod h1:rnyhG9bJWKNaUQU9v2YWkFJOYh5ziN+x3BQ5BHdRSGc=
github.com/fbaube/fileutils v0.0.0-20240319103908-a02f921e7413 h1:baOMFEutz7NvnhPz/5cQjYVQOExFM053qveSGaqgthg=
github.com/fbaube/fileutils v0.0.0-20240319103908-a02f921e7413/go.mod h1:fgkkVtFMIcWZTRsWR7X62AR5tbpCm/b9KNIrIbVtMWY=
github.com/fbaube/fileutils v0.0.0-20240319151704-74389d18b489 h1:22zT9gphKNzpMRsD//CgvO6tjTsY7oxnDqe1F9Ls/cA=
github.com/fbaube/fileutils v0.0.0-20240319151704-74389d18b489/go.mod h1:2QpF645f8zzudiJBh7agf/nI8cil7Cel5RLqb2wTSp4=
github.com/fbaube/gparse v0.0.0-20230421173125-0aaf74eb920c h1:Wc/p/iz4WKF00neYNYszzfGsI7VhR2P/ZAu7TCjtXQs=
github.com/fbaube/gparse v0.0.0-20230421173125-0aaf74eb920c/go.mod h1:0eMhKY31+tGA22qYyPzkDHPf/Q+3BZyUfDRLGjZywFM=
github.com/fbaube/gtoken v0.0.0-20220221192313-06c1a87f1884/go.mod h1:L5TPmM5qhEVECO49RCwHxUMIJStcDicDuXPz9VzgyNs=
github.com/fbaube/gtoken v0.0.0-20231225203128-9dc8ca760381 h1:/BlIqT2a+czuUbJFeKF3taeZ3W+Ny8K14Sc8ViHZeqw=
github.com/fbaube/gtoken v0.0.0-20231225203128-9dc8ca760381/go.mod h1:L5TPmM5qhEVECO49RCwHxUMIJStcDicDuXPz9VzgyNs=
github.com/fbaube/gtree v0.0.0-20231231104721-1004717d5931 h1:eUoPIWVorslhzUbUehi3lQDIAd/RBXuHkIcSoj6lOjI=
github.com/fbaube/gtree v0.0.0-20231231104721-1004717d5931/go.mod h1:/koUFaSIDdIwgaqI6vhhc7PYBggI7Jn/e4MriBbfvT8=
github.com/fbaube/humanbytes v0.0.0-20240227103335-a0b11501ad0e h1:2lRZ3QxDYaZ9F7RXLSL3zugdmeQTGOrRddBk+RVTRY0=
github.com/fbaube/humanbytes v0.0.0-20240227103335-a0b11501ad0e/go.mod h1:WUS3tn4t+FViNsl4VOqYiV51cJNIIeMjLI9fOfm+Ug8=
github.com/fbaube/logutils v0.0.0-20240118190821-fba0e702dd07 h1:pnt16LF2Gq3myuCjvsTRqc6KUUquBD+gIV9YKHsH+qw=
github.com/fbaube/logutils v0.0.0-20240118190821-fba0e702dd07/go.mod h1:VifbtSBHXXNZhfgnsxhS7D++YcGbPt7esvjC7FCbFW4=
github.com/fbaube/lwdx v0.0.0-20240117104547-f8ce73919cdd h1:ZEv7HqLjV3pSauBdQNg82XgsmwZbOI3MihffTctH1l0=
github.com/fbaube/lwdx v0.0.0-20240117104547-f8ce73919cdd/go.mod h1:k5EDVHloyrrAVPqxW2oZEs/GtTWyG1RFsdZRJQay9LQ=
github.com/fbaube/lwdx v0.0.0-20240311105247-37cbc89f10e3 h1:rtYqqV+U9rnIc/tozMCeW9lSXod+zI8c4K48zq7/WME=
github.com/fbaube/lwdx v0.0.0-20240311105247-37cbc89f10e3/go.mod h1:k5EDVHloyrrAVPqxW2oZEs/GtTWyG1RFsdZRJQay9LQ=
github.com/fbaube/miscutils v0.0.0-20231117113020-2270027d01bd h1:Emb4XK5G8w7VzRnIHGKwmfVzboEdaqw1EHgDphlEvjw=
github.com/fbaube/miscutils v0.0.0-20231117113020-2270027d01bd/go.mod h1:6oJ7XkjRcYbH/le2m11Sci3tXMspXhyRHd5RTX0Bz3M=
github.com/fbaube/miscutils v0.0.0-20240307083109-5e380dcbb1e7 h1:bqn4Q0XLSyluKH3KZcLz++bwoZLpOIJ47wOs6TrueNw=
github.com/fbaube/miscutils v0.0.0-20240307083109-5e380dcbb1e7/go.mod h1:dg2mLgV/vplcdzw+BhyH4fnv/j8VuOGEnDvftQyBrqQ=
github.com/fbaube/mlog v0.0.0-20220216070905-84d38f5d34e0/go.mod h1:7zMkNQqfN6ZueDR3jAJcDBKJ8fmCGnP/LyfBnQMT4io=
github.com/fbaube/mlog v0.0.0-20230904080411-cfac35fed413 h1:hXpL/x5iYx38UGHzGU6V9ONPYeeLxzfniZDbAblkplw=
github.com/fbaube/mlog v0.0.0-20230904080411-cfac35fed413/go.mod h1:gdqN52o2Q28x8fcloz1M7KyknKnK6VPxPkAOc3+HxmQ=
github.com/fbaube/orderednodes v0.0.0-20231218101127-c53419188e1d h1:Jz9X5P3aS7cECKx3Jcu+16RZS5cEY01UjHaHzrjBtwQ=
github.com/fbaube/orderednodes v0.0.0-20231218101127-c53419188e1d/go.mod h1:4QfdjmVY5yV6oR4Wo96FbOuJxyGnOH7aQmczxKDzLYE=
github.com/fbaube/orderednodes v0.0.0-20240319104124-f229a21b9350 h1:gy5qL9LeFdRHE6Ib5O2ixVXsiQ/6DcyWm4u81Wr7izI=
github.com/fbaube/orderednodes v0.0.0-20240319104124-f229a21b9350/go.mod h1:4QfdjmVY5yV6oR4Wo96FbOuJxyGnOH7aQmczxKDzLYE=
github.com/fbaube/parseutils v0.0.0-20220310134313-a5d0ceeeabb3/go.mod h1:J3gIK/myAYcFh9jAgVAawRE5iPxor38nmbfNGTnycJU=
github.com/fbaube/parseutils v0.0.0-20240117103929-681897b1f883 h1:uWst8iOXICKxejsRDU3spW0q4iVMJp87yRCoT9/G+j8=
github.com/fbaube/parseutils v0.0.0-20240117103929-681897b1f883/go.mod h1:KJMfLJ/C6vsNr2S2/yXCwmDz9BHENg40zTh0lPStijE=
github.com/fbaube/stringutils v0.0.0-20210716195613-2633ae132b43/go.mod h1:pyXNXdLCEtNZyV2GFdbOGiO6nDrH6SVmxp7EG9oISIE=
github.com/fbaube/stringutils v0.0.0-20240110181932-8dd4155bdb7f h1:KZvXZMbG4zCX/M53bkQp8uKA0IQuLfWZt5L9CqEfBCc=
github.com/fbaube/stringutils v0.0.0-20240110181932-8dd4155bdb7f/go.mod h1:49bqx//iTAsBFtz350zEvJluNM5jaTYcRSw/hTPwY9o=
github.com/fbaube/stringutils v0.0.0-20240227182912-df670eade115 h1:MKnHqf56QnMgHdYfOjimAw0pq8sevqXVRQnROX5Qs1E=
github.com/fbaube/stringutils v0.0.0-20240227182912-df670eade115/go.mod h1:WCZlSHSWEOj/EaoxrmOcLVuXKuCGKfods14j1RS1JrY=
github.com/fbaube/stringutils v0.0.0-20240318064103-bf7b5a2b5f11 h1:SbTSSAz6W2bk6A7J4nbrQxSoSQQfwnPu4v8vT/4eO9c=
github.com/fbaube/stringutils v0.0.0-20240318064103-bf7b5a2b5f11/go.mod h1:5GRMKxtq6rUel/Pwfr7VG0eHVBPITL1UCsHyGHhTo8U=
github.com/fbaube/wasmutils v0.0.0-20210130165146-e84dfddef26c/go.mod h1:zvSKkP2Q1b0bu5IuwmY0b2x4ZXEZMYcG0ClOKublfR0=
github.com/fbaube/wasmutils v0.0.0-20231209183154-e25018375bc2 h1:c2o0/6fIdaGD9G84GUFg41qHYPWqfKO0HD8G9KLJQH4=
github.com/fbaube/wasmutils v0.0.0-20231209183154-e25018375bc2/go.mod h1:Yv24ab7DbaTunolfMWqQVI0g8yCNFu8y5IHxLbwZ0ZE=
github.com/fbaube/xmlmodels v0.0.0-20210717124325-02bf973617c5/go.mod h1:aPAbtv8J097HzqFnoGVeBvUOjkYGk/sQEkvrk25N7lE=
github.com/fbaube/xmlutils v0.0.0-20220307192304-2d5293ea6608/go.mod h1:b9yEIFiCE4cPVYOTU6LXWgv5QtudKv5w18Zrjqou0pM=
github.com/fbaube/xmlutils v0.0.0-20240117103856-0d26c14e3769 h1:Y0yeQ+Vv3Z4NN4ulKkVAZggtm1+SK4scJJxn1qbq77Y=
github.com/fbaube/xmlutils v0.0.0-20240117103856-0d26c14e3769/go.mod h1:gsCwBzyR+nb9tdfJRL6aVTd9Fvuj/0R/tDM+seGxP8w=
github.com/gabriel-vasile/mimetype v1.4.3 h1:in2uUcidCuFcDKtdcBxlR0rJ1+fsokWf+uqxgUFjbI0=
github.com/gabriel-vasile/mimetype v1.4.3/go.mod h1:d8uq/6HKRL6CGdk+aubisF/M5GcPfT7nKyLpA0lbSSk=
github.com/go-git/go-git v4.7.0+incompatible/go.mod h1:6+421e08gnZWn30y26Vchf7efgYLe4dl5OQbBSUXShE=
github.com/gomarkdown/markdown v0.0.0-20231222211730-1d6d20845b47 h1:k4Tw0nt6lwro3Uin8eqoET7MDA4JnT8YgbCjc/g5E3k=
github.com/gomarkdown/markdown v0.0.0-20231222211730-1d6d20845b47/go.mod h1:JDGcbDT52eL4fju3sZ4TeHGsQwhG9nbDV21aMyhwPoA=
github.com/lainio/err2 v0.9.52 h1:o58r5CDrXFpYun4J2Px14yIb+SnG1MISmEbQ++mfqR8=
github.com/lainio/err2 v0.9.52/go.mod h1:glTVV2qNFbBy6WzZFDP2G5BqMiZI58cudp588cEgCuM=
github.com/mattn/go-colorable v0.1.9/go.mod h1:u6P/XSegPjTcexA+o6vUJrdnUu04hMope9wVRipJSqc=
github.com/mattn/go-colorable v0.1.12/go.mod h1:u5H1YNBxpqRaxsYJYSkiCWKzEfiAb1Gb520KVy5xxl4=
github.com/mattn/go-colorable v0.1.13 h1:fFA4WZxdEF4tXPZVKMLwD8oUnCTTo08duU7wxecdEvA=
github.com/mattn/go-colorable v0.1.13/go.mod h1:7S9/ev0klgBDR4GtXTXX8a3vIGJpMovkB8vQcUbaXHg=
github.com/mattn/go-isatty v0.0.12/go.mod h1:cbi8OIDigv2wuxKPP5vlRcQ1OAZbq2CE4Kysco4FUpU=
github.com/mattn/go-isatty v0.0.14/go.mod h1:7GGIvUiUoEMVVmxf/4nioHXj79iQHKdU27kJ6hsGG94=
github.com/mattn/go-isatty v0.0.16/go.mod h1:kYGgaQfpe5nmfYZH+SKPsOc2e4SrIfOl2e/yFXSvRLM=
github.com/mattn/go-isatty v0.0.20 h1:xfD0iDuEKnDkl03q4limB+vH+GxLEtL/jb4xVJSWWEY=
github.com/mattn/go-isatty v0.0.20/go.mod h1:W+V8PltTTMOvKvAeJH7IuucS94S2C6jfK/D7dTCTo3Y=
github.com/mattn/go-sqlite3 v1.14.19 h1:fhGleo2h1p8tVChob4I9HpmVFIAkKGpiukdrgQbWfGI=
github.com/mattn/go-sqlite3 v1.14.19/go.mod h1:2eHXhiwb8IkHr+BDWZGa96P6+rkvnG63S2DGjv9HUNg=
github.com/mattn/go-sqlite3 v1.14.20 h1:BAZ50Ns0OFBNxdAqFhbZqdPcht1Xlb16pDCqkq1spr0=
github.com/mattn/go-sqlite3 v1.14.20/go.mod h1:Uh1q+B4BYcTPb+yiD3kU8Ct7aC0hY9fxUwlHK0RXw+Y=
github.com/mattn/go-sqlite3 v1.14.22 h1:2gZY6PC6kBnID23Tichd1K+Z0oS6nE/XwU+Vz/5o4kU=
github.com/mattn/go-sqlite3 v1.14.22/go.mod h1:Uh1q+B4BYcTPb+yiD3kU8Ct7aC0hY9fxUwlHK0RXw+Y=
github.com/mgutz/str v1.2.0 h1:4IzWSdIz9qPQWLfKZ0rJcV0jcUDpxvP4JVZ4GXQyvSw=
github.com/mgutz/str v1.2.0/go.mod h1:w1v0ofgLaJdoD0HpQ3fycxKD1WtxpjSo151pK/31q6w=
github.com/src-d/gcfg v1.4.0/go.mod h1:p/UMsR43ujA89BJY9duynAwIpvqEujIH/jFlfL7jWoI=
github.com/yuin/goldmark v1.4.8/go.mod h1:rmuwmfZ0+bvzB24eSC//bk1R1Zp3hM0OXYv/G2LIilg=
github.com/yuin/goldmark v1.6.0 h1:boZcn2GTjpsynOsC0iJHnBWa4Bi0qzfJjthwauItG68=
github.com/yuin/goldmark v1.6.0/go.mod h1:6yULJ656Px+3vBD8DxQVa3kxgyrAnzto9xy5taEt/CY=
github.com/yuin/goldmark v1.7.0 h1:EfOIvIMZIzHdB/R/zVrikYLPPwJlfMcNczJFMs1m6sA=
github.com/yuin/goldmark v1.7.0/go.mod h1:uzxRWxtg69N339t3louHJ7+O03ezfj6PlliRlaOzY1E=
golang.org/x/exp v0.0.0-20240119083558-1b970713d09a h1:Q8/wZp0KX97QFTc2ywcOE0YRjZPVIx+MXInMzdvQqcA=
golang.org/x/exp v0.0.0-20240119083558-1b970713d09a/go.mod h1:idGWGoKP1toJGkd5/ig9ZLuPcZBC3ewk7SzmH0uou08=
golang.org/x/exp v0.0.0-20240205201215-2c58cdc269a3 h1:/RIbNt/Zr7rVhIkQhooTxCxFcdWLGIKnZA4IXNFSrvo=
golang.org/x/exp v0.0.0-20240205201215-2c58cdc269a3/go.mod h1:idGWGoKP1toJGkd5/ig9ZLuPcZBC3ewk7SzmH0uou08=
golang.org/x/exp v0.0.0-20240222234643-814bf88cf225 h1:LfspQV/FYTatPTr/3HzIcmiUFH7PGP+OQ6mgDYo3yuQ=
golang.org/x/exp v0.0.0-20240222234643-814bf88cf225/go.mod h1:CxmFvTBINI24O/j8iY7H1xHzx2i4OsyguNBmN/uPtqc=
golang.org/x/exp v0.0.0-20240314144324-c7f7c6466f7f h1:3CW0unweImhOzd5FmYuRsD4Y4oQFKZIjAnKbjV4WIrw=
golang.org/x/exp v0.0.0-20240314144324-c7f7c6466f7f/go.mod h1:CxmFvTBINI24O/j8iY7H1xHzx2i4OsyguNBmN/uPtqc=
golang.org/x/exp v0.0.0-20240318143956-a85f2c67cd81 h1:6R2FC06FonbXQ8pK11/PDFY6N6LWlf9KlzibaCapmqc=
golang.org/x/exp v0.0.0-20240318143956-a85f2c67cd81/go.mod h1:CQ1k9gNrJ50XIzaKCRR2hssIjF07kZFEiieALBM/ARQ=
golang.org/x/net v0.0.0-20220225172249-27dd8689420f/go.mod h1:CfG3xpIq0wQ8r1q4Su4UZFWDARRcnwPjda9FqA0JpMk=
golang.org/x/net v0.20.0 h1:aCL9BSgETF1k+blQaYUBx9hJ9LOGP3gAVemcZlf1Kpo=
golang.org/x/net v0.20.0/go.mod h1:z8BVo6PvndSri0LbOE3hAn0apkU+1YvI6E70E9jsnvY=
golang.org/x/net v0.21.0 h1:AQyQV4dYCvJ7vGmJyKki9+PBdyvhkSd8EIx/qb0AYv4=
golang.org/x/net v0.21.0/go.mod h1:bIjVDfnllIU7BJ2DNgfnXvpSvtn8VRwhlsaeUTyUS44=
golang.org/x/net v0.22.0 h1:9sGLhx7iRIHEiX0oAJ3MRZMUCElJgy7Br1nO+AMN3Tc=
golang.org/x/net v0.22.0/go.mod h1:JKghWKKOSdJwpW2GEx0Ja7fmaKnMsbu+MWVZTokSYmg=
golang.org/x/sys v0.0.0-20200116001909-b77594299b42/go.mod h1:h1NjWce9XRLGQEsW7wpKNCjG9DtNlClVuFLEZdDNbEs=
golang.org/x/sys v0.0.0-20200223170610-d5e6a3e2c0ae/go.mod h1:h1NjWce9XRLGQEsW7wpKNCjG9DtNlClVuFLEZdDNbEs=
golang.org/x/sys v0.0.0-20210615035016-665e8c7367d1/go.mod h1:oPkhp1MJrh7nUepCBck5+mAzfO9JrbApNNgaTdGDITg=
golang.org/x/sys v0.0.0-20210630005230-0f9fa26af87c/go.mod h1:oPkhp1MJrh7nUepCBck5+mAzfO9JrbApNNgaTdGDITg=
golang.org/x/sys v0.0.0-20210927094055-39ccf1dd6fa6/go.mod h1:oPkhp1MJrh7nUepCBck5+mAzfO9JrbApNNgaTdGDITg=
golang.org/x/sys v0.0.0-20211216021012-1d35b9e2eb4e/go.mod h1:oPkhp1MJrh7nUepCBck5+mAzfO9JrbApNNgaTdGDITg=
golang.org/x/sys v0.0.0-20220310020820-b874c991c1a5/go.mod h1:oPkhp1MJrh7nUepCBck5+mAzfO9JrbApNNgaTdGDITg=
golang.org/x/sys v0.0.0-20220811171246-fbc7d0a398ab/go.mod h1:oPkhp1MJrh7nUepCBck5+mAzfO9JrbApNNgaTdGDITg=
golang.org/x/sys v0.6.0/go.mod h1:oPkhp1MJrh7nUepCBck5+mAzfO9JrbApNNgaTdGDITg=
golang.org/x/sys v0.16.0 h1:xWw16ngr6ZMtmxDyKyIgsE93KNKz5HKmMa3b8ALHidU=
golang.org/x/sys v0.16.0/go.mod h1:/VUhepiaJMQUp4+oa/7Zr1D23ma6VTLIYjOOTFZPUcA=
golang.org/x/sys v0.17.0 h1:25cE3gD+tdBA7lp7QfhuV+rJiE9YXTcS3VG1SqssI/Y=
golang.org/x/sys v0.17.0/go.mod h1:/VUhepiaJMQUp4+oa/7Zr1D23ma6VTLIYjOOTFZPUcA=
golang.org/x/sys v0.18.0 h1:DBdB3niSjOA/O0blCZBqDefyWNYveAYMNF1Wum0DYQ4=
golang.org/x/sys v0.18.0/go.mod h1:/VUhepiaJMQUp4+oa/7Zr1D23ma6VTLIYjOOTFZPUcA=
golang.org/x/term v0.0.0-20210927222741-03fcf44c2211/go.mod h1:jbD1KX2456YbFQfuXm/mYQcufACuNUgVhRMnK/tPxf8=
golang.org/x/text v0.3.7/go.mod h1:u+2+/6zg+i71rQMx5EYifcz6MCKuco9NR6JIITiCfzQ=
golang.org/x/tools v0.0.0-20180917221912-90fa682c2a6e/go.mod h1:n7NCudcB/nEzxVGmLbDWY5pfWTLqBcC2KZ6jyYvM4mQ=
golang.org/x/tools v0.17.0 h1:FvmRgNOcs3kOa+T20R1uhfP9F6HgG2mfxDv1vrx1Htc=
golang.org/x/tools v0.17.0/go.mod h1:xsh6VxdV005rRVaS6SSAf9oiAqljS7UZUacMZ8Bnsps=
golang.org/x/tools v0.18.0 h1:k8NLag8AGHnn+PHbl7g43CtqZAwG60vZkLqgyZgIHgQ=
golang.org/x/tools v0.18.0/go.mod h1:GL7B4CwcLLeo59yx/9UWWuNOW1n3VZ4f5axWfML7Lcg=
golang.org/x/tools v0.19.0 h1:tfGCXNR1OsFG+sVdLAitlpjAvD/I6dHDKnYrpEZUHkw=
golang.org/x/tools v0.19.0/go.mod h1:qoJWxmGSIBmAeriMx19ogtrEPrGtDbPK634QFIcLAhc=
gopkg.in/check.v1 v0.0.0-20161208181325-20d25e280405 h1:yhCVgyC4o1eVCa2tZl7eS0r+SDo693bJlVdllGtEeKM=
gopkg.in/check.v1 v0.0.0-20161208181325-20d25e280405/go.mod h1:Co6ibVJAznAaIkqp8huTwlJQCZ016jof/cbN4VW5Yz0=
gopkg.in/warnings.v0 v0.1.2/go.mod h1:jksf8JmL6Qr/oQM2OXTHunEvvTAsrWBLb6OOjuVWRNI=
gopkg.in/yaml.v2 v2.4.0 h1:D8xgwECY7CYvx+Y2n4sBz93Jn9JRvxdiyyo8CTfuKaY=
gopkg.in/yaml.v2 v2.4.0/go.mod h1:RDklbk79AGWmwhnvt/jBztapEOGDOx6ZbXqjP6csGnQ=
